
Microsoft Visual Studio Solution File, Format Version 12.00
# Visual Studio Version 16
VisualStudioVersion = 16.0.30523.141
MinimumVisualStudioVersion = 10.0.40219.1
Project("{FAE04EC0-301F-11D3-BF4B-00C04F79EFBC}") = "BusCrud", "BusCrud.csproj", "{D1D143A1-BBA4-4AAB-A35B-C4C9A9B637AA}"
EndProject
Global
	GlobalSection(SolutionConfigurationPlatforms) = preSolution
		Debug|Any CPU = Debug|Any CPU
		Release|Any CPU = Release|Any CPU
	EndGlobalSection
	GlobalSection(ProjectConfigurationPlatforms) = postSolution
		{D1D143A1-BBA4-4AAB-A35B-C4C9A9B637AA}.Debug|Any CPU.ActiveCfg = Debug|Any CPU
		{D1D143A1-BBA4-4AAB-A35B-C4C9A9B637AA}.Debug|Any CPU.Build.0 = Debug|Any CPU
		{D1D143A1-BBA4-4AAB-A35B-C4C9A9B637AA}.Release|Any CPU.ActiveCfg = Release|Any CPU
		{D1D143A1-BBA4-4AAB-A35B-C4C9A9B637AA}.Release|Any CPU.Build.0 = Release|Any CPU
	EndGlobalSection
	GlobalSection(SolutionProperties) = preSolution
		HideSolutionNode = FALSE
	EndGlobalSection
	GlobalSection(ExtensibilityGlobals) = postSolution
		SolutionGuid = {37D6E326-16D9-4A7A-B3EF-0546A1052AC8}
	EndGlobalSection
EndGlobal
